
Microsoft Visual Studio Solution File, Format Version 12.00
# Visual Studio 15
VisualStudioVersion = 15.0.26730.16
MinimumVisualStudioVersion = 10.0.40219.1
Project("{FAE04EC0-301F-11D3-BF4B-00C04F79EFBC}") = "MultiplierTestsLib", "MultiplierTestsLib\MultiplierTestsLib.csproj", "{23D4A61B-FAF6-485A-AD01-B475BED7EAA0}"
EndProject
Project("{FAE04EC0-301F-11D3-BF4B-00C04F79EFBC}") = "MultiplierLib", "MultiplierLib\MultiplierLib.csproj", "{5BA10C8C-12E6-414E-83AD-CB9E763C1A2B}"
EndProject
Project("{FAE04EC0-301F-11D3-BF4B-00C04F79EFBC}") = "Demo01", "Demo01\Demo01.csproj", "{4DB43A14-2539-4463-84E6-3E7C8C1CDB80}"
EndProject
Project("{FAE04EC0-301F-11D3-BF4B-00C04F79EFBC}") = "VarukorgTestsLib", "VarukorgTestsLib\VarukorgTestsLib.csproj", "{90C10A32-C752-4E05-9C1A-2C812039FA51}"
EndProject
Project("{FAE04EC0-301F-11D3-BF4B-00C04F79EFBC}") = "VarukorgLib", "VarukorgLib\VarukorgLib.csproj", "{354C8C07-1518-45DB-AAA9-DC1C250E9FCB}"
EndProject
Project("{2150E333-8FDC-42A3-9474-1A3956D46DE8}") = "OOP", "OOP", "{8A72152A-152B-444F-AFFF-DD92F96B2703}"
EndProject
Project("{FAE04EC0-301F-11D3-BF4B-00C04F79EFBC}") = "StorytellerWindowsApp", "StorytellerWindowsApp\StorytellerWindowsApp.csproj", "{72956EF9-9031-44C4-B4FE-0E6B8FC44F90}"
EndProject
Project("{9A19103F-16F7-4668-BE54-9A1E7A4F7556}") = "CircusLib", "CircusLib\CircusLib.csproj", "{0975090D-83E1-4C2E-B563-35083FCF1D3E}"
EndProject
Project("{FAE04EC0-301F-11D3-BF4B-00C04F79EFBC}") = "CircusTestsLib", "CircusTestsLib\CircusTestsLib.csproj", "{6CDDB104-B6B0-40C5-9CCA-6F399D9D429E}"
EndProject
Project("{FAE04EC0-301F-11D3-BF4B-00C04F79EFBC}") = "ExamTestsLib", "ExamTestsLib\ExamTestsLib.csproj", "{F5462BDA-9EAA-43FF-98E3-0AB929B7EECC}"
EndProject
Project("{FAE04EC0-301F-11D3-BF4B-00C04F79EFBC}") = "ExamLib", "ExamLib\ExamLib.csproj", "{5A65820E-9B51-4271-B162-90B5E0A92896}"
EndProject
Project("{FAE04EC0-301F-11D3-BF4B-00C04F79EFBC}") = "ExamWindowsApp", "ExamWindowsApp\ExamWindowsApp.csproj", "{48663E31-FDC0-4F3E-A285-FB9AA7EBFA67}"
EndProject
Project("{FAE04EC0-301F-11D3-BF4B-00C04F79EFBC}") = "GuessNumberTestsLib", "GuessNumberTestsLib\GuessNumberTestsLib.csproj", "{3B0BC830-F49D-4D0C-9D7A-BB8ADD93DB64}"
EndProject
Project("{FAE04EC0-301F-11D3-BF4B-00C04F79EFBC}") = "GuessNumberLib", "GuessNumberLib\GuessNumberLib.csproj", "{F2DC9D33-10EB-4B20-B3F7-E7D5D2E2D2EF}"
EndProject
Project("{FAE04EC0-301F-11D3-BF4B-00C04F79EFBC}") = "GuessNumberGui", "GuessNumberGui\GuessNumberGui.csproj", "{D5E79356-D2CD-4D9E-AF9E-304CA5747851}"
EndProject
Project("{FAE04EC0-301F-11D3-BF4B-00C04F79EFBC}") = "DiceGameTestsLib", "DiceGameTestsLib\DiceGameTestsLib.csproj", "{42A45563-48CB-46D3-9610-62D3A2B87FC7}"
EndProject
Project("{FAE04EC0-301F-11D3-BF4B-00C04F79EFBC}") = "GameDiceLib", "GameDiceLib\GameDiceLib.csproj", "{A332367E-6FF7-480C-BD21-0F5BFBE584C2}"
EndProject
Project("{FAE04EC0-301F-11D3-BF4B-00C04F79EFBC}") = "DiceGameGUI", "DiceGameGUI\DiceGameGUI.csproj", "{0CB23FC2-54EF-4293-B24A-8500E03313F6}"
EndProject
Project("{FAE04EC0-301F-11D3-BF4B-00C04F79EFBC}") = "OOPConsoleApp", "OOPConsoleApp\OOPConsoleApp.csproj", "{D9DABA0F-FEE8-47FA-98DE-D87313D593F5}"
EndProject
Project("{FAE04EC0-301F-11D3-BF4B-00C04F79EFBC}") = "CarBuilderApp", "CarBuilderApp\CarBuilderApp.csproj", "{16A3EE04-F224-499F-9592-7D349EF2B46A}"
EndProject
Project("{FAE04EC0-301F-11D3-BF4B-00C04F79EFBC}") = "StudentApp", "StudentApp\StudentApp.csproj", "{956918EB-1191-49DA-A07C-6183F9671DDC}"
EndProject
Project("{FAE04EC0-301F-11D3-BF4B-00C04F79EFBC}") = "Parter", "Parter\Parter.csproj", "{A4926DD8-8240-4678-B80F-F47F3EA7023C}"
EndProject
Project("{FAE04EC0-301F-11D3-BF4B-00C04F79EFBC}") = "PartTests", "PartTests\PartTests.csproj", "{5C383CCB-0E72-499A-96AE-809F34BFFB89}"
EndProject
Project("{FAE04EC0-301F-11D3-BF4B-00C04F79EFBC}") = "ExperimentApp", "ExperimentApp\ExperimentApp.csproj", "{31BFCE85-FCCE-4802-985E-CF812289DE2D}"
EndProject
Project("{FAE04EC0-301F-11D3-BF4B-00C04F79EFBC}") = "ConvertToUppercaseApp", "ConvertToUppercaseApp\ConvertToUppercaseApp.csproj", "{79CA9759-A267-48DD-B7D0-0620A959DA76}"
EndProject
Global
	GlobalSection(SolutionConfigurationPlatforms) = preSolution
		Debug|Any CPU = Debug|Any CPU
		Release|Any CPU = Release|Any CPU
	EndGlobalSection
	GlobalSection(ProjectConfigurationPlatforms) = postSolution
		{23D4A61B-FAF6-485A-AD01-B475BED7EAA0}.Debug|Any CPU.ActiveCfg = Debug|Any CPU
		{23D4A61B-FAF6-485A-AD01-B475BED7EAA0}.Debug|Any CPU.Build.0 = Debug|Any CPU
		{23D4A61B-FAF6-485A-AD01-B475BED7EAA0}.Release|Any CPU.ActiveCfg = Release|Any CPU
		{23D4A61B-FAF6-485A-AD01-B475BED7EAA0}.Release|Any CPU.Build.0 = Release|Any CPU
		{5BA10C8C-12E6-414E-83AD-CB9E763C1A2B}.Debug|Any CPU.ActiveCfg = Debug|Any CPU
		{5BA10C8C-12E6-414E-83AD-CB9E763C1A2B}.Debug|Any CPU.Build.0 = Debug|Any CPU
		{5BA10C8C-12E6-414E-83AD-CB9E763C1A2B}.Release|Any CPU.ActiveCfg = Release|Any CPU
		{5BA10C8C-12E6-414E-83AD-CB9E763C1A2B}.Release|Any CPU.Build.0 = Release|Any CPU
		{4DB43A14-2539-4463-84E6-3E7C8C1CDB80}.Debug|Any CPU.ActiveCfg = Debug|Any CPU
		{4DB43A14-2539-4463-84E6-3E7C8C1CDB80}.Debug|Any CPU.Build.0 = Debug|Any CPU
		{4DB43A14-2539-4463-84E6-3E7C8C1CDB80}.Release|Any CPU.ActiveCfg = Release|Any CPU
		{4DB43A14-2539-4463-84E6-3E7C8C1CDB80}.Release|Any CPU.Build.0 = Release|Any CPU
		{90C10A32-C752-4E05-9C1A-2C812039FA51}.Debug|Any CPU.ActiveCfg = Debug|Any CPU
		{90C10A32-C752-4E05-9C1A-2C812039FA51}.Debug|Any CPU.Build.0 = Debug|Any CPU
		{90C10A32-C752-4E05-9C1A-2C812039FA51}.Release|Any CPU.ActiveCfg = Release|Any CPU
		{90C10A32-C752-4E05-9C1A-2C812039FA51}.Release|Any CPU.Build.0 = Release|Any CPU
		{354C8C07-1518-45DB-AAA9-DC1C250E9FCB}.Debug|Any CPU.ActiveCfg = Debug|Any CPU
		{354C8C07-1518-45DB-AAA9-DC1C250E9FCB}.Debug|Any CPU.Build.0 = Debug|Any CPU
		{354C8C07-1518-45DB-AAA9-DC1C250E9FCB}.Release|Any CPU.ActiveCfg = Release|Any CPU
		{354C8C07-1518-45DB-AAA9-DC1C250E9FCB}.Release|Any CPU.Build.0 = Release|Any CPU
		{72956EF9-9031-44C4-B4FE-0E6B8FC44F90}.Debug|Any CPU.ActiveCfg = Debug|Any CPU
		{72956EF9-9031-44C4-B4FE-0E6B8FC44F90}.Debug|Any CPU.Build.0 = Debug|Any CPU
		{72956EF9-9031-44C4-B4FE-0E6B8FC44F90}.Release|Any CPU.ActiveCfg = Release|Any CPU
		{72956EF9-9031-44C4-B4FE-0E6B8FC44F90}.Release|Any CPU.Build.0 = Release|Any CPU
		{0975090D-83E1-4C2E-B563-35083FCF1D3E}.Debug|Any CPU.ActiveCfg = Debug|Any CPU
		{0975090D-83E1-4C2E-B563-35083FCF1D3E}.Debug|Any CPU.Build.0 = Debug|Any CPU
		{0975090D-83E1-4C2E-B563-35083FCF1D3E}.Release|Any CPU.ActiveCfg = Release|Any CPU
		{0975090D-83E1-4C2E-B563-35083FCF1D3E}.Release|Any CPU.Build.0 = Release|Any CPU
		{6CDDB104-B6B0-40C5-9CCA-6F399D9D429E}.Debug|Any CPU.ActiveCfg = Debug|Any CPU
		{6CDDB104-B6B0-40C5-9CCA-6F399D9D429E}.Debug|Any CPU.Build.0 = Debug|Any CPU
		{6CDDB104-B6B0-40C5-9CCA-6F399D9D429E}.Release|Any CPU.ActiveCfg = Release|Any CPU
		{6CDDB104-B6B0-40C5-9CCA-6F399D9D429E}.Release|Any CPU.Build.0 = Release|Any CPU
		{F5462BDA-9EAA-43FF-98E3-0AB929B7EECC}.Debug|Any CPU.ActiveCfg = Debug|Any CPU
		{F5462BDA-9EAA-43FF-98E3-0AB929B7EECC}.Debug|Any CPU.Build.0 = Debug|Any CPU
		{F5462BDA-9EAA-43FF-98E3-0AB929B7EECC}.Release|Any CPU.ActiveCfg = Release|Any CPU
		{F5462BDA-9EAA-43FF-98E3-0AB929B7EECC}.Release|Any CPU.Build.0 = Release|Any CPU
		{5A65820E-9B51-4271-B162-90B5E0A92896}.Debug|Any CPU.ActiveCfg = Debug|Any CPU
		{5A65820E-9B51-4271-B162-90B5E0A92896}.Debug|Any CPU.Build.0 = Debug|Any CPU
		{5A65820E-9B51-4271-B162-90B5E0A92896}.Release|Any CPU.ActiveCfg = Release|Any CPU
		{5A65820E-9B51-4271-B162-90B5E0A92896}.Release|Any CPU.Build.0 = Release|Any CPU
		{48663E31-FDC0-4F3E-A285-FB9AA7EBFA67}.Debug|Any CPU.ActiveCfg = Debug|Any CPU
		{48663E31-FDC0-4F3E-A285-FB9AA7EBFA67}.Debug|Any CPU.Build.0 = Debug|Any CPU
		{48663E31-FDC0-4F3E-A285-FB9AA7EBFA67}.Release|Any CPU.ActiveCfg = Release|Any CPU
		{48663E31-FDC0-4F3E-A285-FB9AA7EBFA67}.Release|Any CPU.Build.0 = Release|Any CPU
		{3B0BC830-F49D-4D0C-9D7A-BB8ADD93DB64}.Debug|Any CPU.ActiveCfg = Debug|Any CPU
		{3B0BC830-F49D-4D0C-9D7A-BB8ADD93DB64}.Debug|Any CPU.Build.0 = Debug|Any CPU
		{3B0BC830-F49D-4D0C-9D7A-BB8ADD93DB64}.Release|Any CPU.ActiveCfg = Release|Any CPU
		{3B0BC830-F49D-4D0C-9D7A-BB8ADD93DB64}.Release|Any CPU.Build.0 = Release|Any CPU
		{F2DC9D33-10EB-4B20-B3F7-E7D5D2E2D2EF}.Debug|Any CPU.ActiveCfg = Debug|Any CPU
		{F2DC9D33-10EB-4B20-B3F7-E7D5D2E2D2EF}.Debug|Any CPU.Build.0 = Debug|Any CPU
		{F2DC9D33-10EB-4B20-B3F7-E7D5D2E2D2EF}.Release|Any CPU.ActiveCfg = Release|Any CPU
		{F2DC9D33-10EB-4B20-B3F7-E7D5D2E2D2EF}.Release|Any CPU.Build.0 = Release|Any CPU
		{D5E79356-D2CD-4D9E-AF9E-304CA5747851}.Debug|Any CPU.ActiveCfg = Debug|Any CPU
		{D5E79356-D2CD-4D9E-AF9E-304CA5747851}.Debug|Any CPU.Build.0 = Debug|Any CPU
		{D5E79356-D2CD-4D9E-AF9E-304CA5747851}.Release|Any CPU.ActiveCfg = Release|Any CPU
		{D5E79356-D2CD-4D9E-AF9E-304CA5747851}.Release|Any CPU.Build.0 = Release|Any CPU
		{42A45563-48CB-46D3-9610-62D3A2B87FC7}.Debug|Any CPU.ActiveCfg = Debug|Any CPU
		{42A45563-48CB-46D3-9610-62D3A2B87FC7}.Debug|Any CPU.Build.0 = Debug|Any CPU
		{42A45563-48CB-46D3-9610-62D3A2B87FC7}.Release|Any CPU.ActiveCfg = Release|Any CPU
		{42A45563-48CB-46D3-9610-62D3A2B87FC7}.Release|Any CPU.Build.0 = Release|Any CPU
		{A332367E-6FF7-480C-BD21-0F5BFBE584C2}.Debug|Any CPU.ActiveCfg = Debug|Any CPU
		{A332367E-6FF7-480C-BD21-0F5BFBE584C2}.Debug|Any CPU.Build.0 = Debug|Any CPU
		{A332367E-6FF7-480C-BD21-0F5BFBE584C2}.Release|Any CPU.ActiveCfg = Release|Any CPU
		{A332367E-6FF7-480C-BD21-0F5BFBE584C2}.Release|Any CPU.Build.0 = Release|Any CPU
		{0CB23FC2-54EF-4293-B24A-8500E03313F6}.Debug|Any CPU.ActiveCfg = Debug|Any CPU
		{0CB23FC2-54EF-4293-B24A-8500E03313F6}.Debug|Any CPU.Build.0 = Debug|Any CPU
		{0CB23FC2-54EF-4293-B24A-8500E03313F6}.Release|Any CPU.ActiveCfg = Release|Any CPU
		{0CB23FC2-54EF-4293-B24A-8500E03313F6}.Release|Any CPU.Build.0 = Release|Any CPU
		{D9DABA0F-FEE8-47FA-98DE-D87313D593F5}.Debug|Any CPU.ActiveCfg = Debug|Any CPU
		{D9DABA0F-FEE8-47FA-98DE-D87313D593F5}.Debug|Any CPU.Build.0 = Debug|Any CPU
		{D9DABA0F-FEE8-47FA-98DE-D87313D593F5}.Release|Any CPU.ActiveCfg = Release|Any CPU
		{D9DABA0F-FEE8-47FA-98DE-D87313D593F5}.Release|Any CPU.Build.0 = Release|Any CPU
		{16A3EE04-F224-499F-9592-7D349EF2B46A}.Debug|Any CPU.ActiveCfg = Debug|Any CPU
		{16A3EE04-F224-499F-9592-7D349EF2B46A}.Debug|Any CPU.Build.0 = Debug|Any CPU
		{16A3EE04-F224-499F-9592-7D349EF2B46A}.Release|Any CPU.ActiveCfg = Release|Any CPU
		{16A3EE04-F224-499F-9592-7D349EF2B46A}.Release|Any CPU.Build.0 = Release|Any CPU
		{956918EB-1191-49DA-A07C-6183F9671DDC}.Debug|Any CPU.ActiveCfg = Debug|Any CPU
		{956918EB-1191-49DA-A07C-6183F9671DDC}.Debug|Any CPU.Build.0 = Debug|Any CPU
		{956918EB-1191-49DA-A07C-6183F9671DDC}.Release|Any CPU.ActiveCfg = Release|Any CPU
		{956918EB-1191-49DA-A07C-6183F9671DDC}.Release|Any CPU.Build.0 = Release|Any CPU
		{A4926DD8-8240-4678-B80F-F47F3EA7023C}.Debug|Any CPU.ActiveCfg = Debug|Any CPU
		{A4926DD8-8240-4678-B80F-F47F3EA7023C}.Debug|Any CPU.Build.0 = Debug|Any CPU
		{A4926DD8-8240-4678-B80F-F47F3EA7023C}.Release|Any CPU.ActiveCfg = Release|Any CPU
		{A4926DD8-8240-4678-B80F-F47F3EA7023C}.Release|Any CPU.Build.0 = Release|Any CPU
		{5C383CCB-0E72-499A-96AE-809F34BFFB89}.Debug|Any CPU.ActiveCfg = Debug|Any CPU
		{5C383CCB-0E72-499A-96AE-809F34BFFB89}.Debug|Any CPU.Build.0 = Debug|Any CPU
		{5C383CCB-0E72-499A-96AE-809F34BFFB89}.Release|Any CPU.ActiveCfg = Release|Any CPU
		{5C383CCB-0E72-499A-96AE-809F34BFFB89}.Release|Any CPU.Build.0 = Release|Any CPU
		{31BFCE85-FCCE-4802-985E-CF812289DE2D}.Debug|Any CPU.ActiveCfg = Debug|Any CPU
		{31BFCE85-FCCE-4802-985E-CF812289DE2D}.Debug|Any CPU.Build.0 = Debug|Any CPU
		{31BFCE85-FCCE-4802-985E-CF812289DE2D}.Release|Any CPU.ActiveCfg = Release|Any CPU
		{31BFCE85-FCCE-4802-985E-CF812289DE2D}.Release|Any CPU.Build.0 = Release|Any CPU
		{79CA9759-A267-48DD-B7D0-0620A959DA76}.Debug|Any CPU.ActiveCfg = Debug|Any CPU
		{79CA9759-A267-48DD-B7D0-0620A959DA76}.Debug|Any CPU.Build.0 = Debug|Any CPU
		{79CA9759-A267-48DD-B7D0-0620A959DA76}.Release|Any CPU.ActiveCfg = Release|Any CPU
		{79CA9759-A267-48DD-B7D0-0620A959DA76}.Release|Any CPU.Build.0 = Release|Any CPU
	EndGlobalSection
	GlobalSection(SolutionProperties) = preSolution
		HideSolutionNode = FALSE
	EndGlobalSection
	GlobalSection(NestedProjects) = preSolution
		{D9DABA0F-FEE8-47FA-98DE-D87313D593F5} = {8A72152A-152B-444F-AFFF-DD92F96B2703}
		{16A3EE04-F224-499F-9592-7D349EF2B46A} = {8A72152A-152B-444F-AFFF-DD92F96B2703}
		{956918EB-1191-49DA-A07C-6183F9671DDC} = {8A72152A-152B-444F-AFFF-DD92F96B2703}
		{A4926DD8-8240-4678-B80F-F47F3EA7023C} = {8A72152A-152B-444F-AFFF-DD92F96B2703}
		{5C383CCB-0E72-499A-96AE-809F34BFFB89} = {8A72152A-152B-444F-AFFF-DD92F96B2703}
		{31BFCE85-FCCE-4802-985E-CF812289DE2D} = {8A72152A-152B-444F-AFFF-DD92F96B2703}
		{79CA9759-A267-48DD-B7D0-0620A959DA76} = {8A72152A-152B-444F-AFFF-DD92F96B2703}
	EndGlobalSection
	GlobalSection(ExtensibilityGlobals) = postSolution
		SolutionGuid = {2CC5A597-8FB5-45C7-80D7-90F17C2FD6FC}
	EndGlobalSection
EndGlobal
