
Microsoft Visual Studio Solution File, Format Version 12.00
# Visual Studio 15
VisualStudioVersion = 15.0.26730.12
MinimumVisualStudioVersion = 10.0.40219.1
Project("{FAE04EC0-301F-11D3-BF4B-00C04F79EFBC}") = "MultiplierTestsLib", "MultiplierTestsLib\MultiplierTestsLib.csproj", "{23D4A61B-FAF6-485A-AD01-B475BED7EAA0}"
EndProject
Project("{FAE04EC0-301F-11D3-BF4B-00C04F79EFBC}") = "MultiplierLib", "MultiplierLib\MultiplierLib.csproj", "{5BA10C8C-12E6-414E-83AD-CB9E763C1A2B}"
EndProject
Project("{FAE04EC0-301F-11D3-BF4B-00C04F79EFBC}") = "Demo01", "Demo01\Demo01.csproj", "{4DB43A14-2539-4463-84E6-3E7C8C1CDB80}"
EndProject
Project("{FAE04EC0-301F-11D3-BF4B-00C04F79EFBC}") = "Demo02", "Demo02\Demo02.csproj", "{3F63B7CC-E150-414A-94E1-C31A0D0186D5}"
EndProject
Global
	GlobalSection(SolutionConfigurationPlatforms) = preSolution
		Debug|Any CPU = Debug|Any CPU
		Release|Any CPU = Release|Any CPU
	EndGlobalSection
	GlobalSection(ProjectConfigurationPlatforms) = postSolution
		{23D4A61B-FAF6-485A-AD01-B475BED7EAA0}.Debug|Any CPU.ActiveCfg = Debug|Any CPU
		{23D4A61B-FAF6-485A-AD01-B475BED7EAA0}.Debug|Any CPU.Build.0 = Debug|Any CPU
		{23D4A61B-FAF6-485A-AD01-B475BED7EAA0}.Release|Any CPU.ActiveCfg = Release|Any CPU
		{23D4A61B-FAF6-485A-AD01-B475BED7EAA0}.Release|Any CPU.Build.0 = Release|Any CPU
		{5BA10C8C-12E6-414E-83AD-CB9E763C1A2B}.Debug|Any CPU.ActiveCfg = Debug|Any CPU
		{5BA10C8C-12E6-414E-83AD-CB9E763C1A2B}.Debug|Any CPU.Build.0 = Debug|Any CPU
		{5BA10C8C-12E6-414E-83AD-CB9E763C1A2B}.Release|Any CPU.ActiveCfg = Release|Any CPU
		{5BA10C8C-12E6-414E-83AD-CB9E763C1A2B}.Release|Any CPU.Build.0 = Release|Any CPU
		{4DB43A14-2539-4463-84E6-3E7C8C1CDB80}.Debug|Any CPU.ActiveCfg = Debug|Any CPU
		{4DB43A14-2539-4463-84E6-3E7C8C1CDB80}.Debug|Any CPU.Build.0 = Debug|Any CPU
		{4DB43A14-2539-4463-84E6-3E7C8C1CDB80}.Release|Any CPU.ActiveCfg = Release|Any CPU
		{4DB43A14-2539-4463-84E6-3E7C8C1CDB80}.Release|Any CPU.Build.0 = Release|Any CPU
		{3F63B7CC-E150-414A-94E1-C31A0D0186D5}.Debug|Any CPU.ActiveCfg = Debug|Any CPU
		{3F63B7CC-E150-414A-94E1-C31A0D0186D5}.Debug|Any CPU.Build.0 = Debug|Any CPU
		{3F63B7CC-E150-414A-94E1-C31A0D0186D5}.Release|Any CPU.ActiveCfg = Release|Any CPU
		{3F63B7CC-E150-414A-94E1-C31A0D0186D5}.Release|Any CPU.Build.0 = Release|Any CPU
	EndGlobalSection
	GlobalSection(SolutionProperties) = preSolution
		HideSolutionNode = FALSE
	EndGlobalSection
	GlobalSection(ExtensibilityGlobals) = postSolution
		SolutionGuid = {2CC5A597-8FB5-45C7-80D7-90F17C2FD6FC}
	EndGlobalSection
EndGlobal
